
Microsoft Visual Studio Solution File, Format Version 12.00
# Visual Studio Version 17
VisualStudioVersion = 17.5.33502.453
MinimumVisualStudioVersion = 10.0.40219.1
Project("{FAE04EC0-301F-11D3-BF4B-00C04F79EFBC}") = "LATESTReactKanBanDo", "LATESTReactKanBanDo\LATESTReactKanBanDo.csproj", "{88F32C0B-93D9-498D-8335-F7253EFB1009}"
EndProject
Global
	GlobalSection(SolutionConfigurationPlatforms) = preSolution
		Debug|Any CPU = Debug|Any CPU
		Release|Any CPU = Release|Any CPU
	EndGlobalSection
	GlobalSection(ProjectConfigurationPlatforms) = postSolution
		{88F32C0B-93D9-498D-8335-F7253EFB1009}.Debug|Any CPU.ActiveCfg = Debug|Any CPU
		{88F32C0B-93D9-498D-8335-F7253EFB1009}.Debug|Any CPU.Build.0 = Debug|Any CPU
		{88F32C0B-93D9-498D-8335-F7253EFB1009}.Release|Any CPU.ActiveCfg = Release|Any CPU
		{88F32C0B-93D9-498D-8335-F7253EFB1009}.Release|Any CPU.Build.0 = Release|Any CPU
	EndGlobalSection
	GlobalSection(SolutionProperties) = preSolution
		HideSolutionNode = FALSE
	EndGlobalSection
	GlobalSection(ExtensibilityGlobals) = postSolution
		SolutionGuid = {BA1A44FD-6B78-4DA1-8717-BA20BB984ED8}
	EndGlobalSection
EndGlobal
